
Microsoft Visual Studio Solution File, Format Version 12.00
# Visual Studio 15
VisualStudioVersion = 15.0.28307.271
MinimumVisualStudioVersion = 10.0.40219.1
Project("{FAE04EC0-301F-11D3-BF4B-00C04F79EFBC}") = "TrianglesSorter", "TrianglesSorter\TrianglesSorter.csproj", "{14020F2C-993D-44F6-9F88-2A21EE3CCEFC}"
EndProject
Project("{FAE04EC0-301F-11D3-BF4B-00C04F79EFBC}") = "TriangleLogic", "BL\TriangleLogic.csproj", "{22DBFF80-E650-4168-B9FB-76A392CD6E8F}"
EndProject
Project("{FAE04EC0-301F-11D3-BF4B-00C04F79EFBC}") = "Controller", "Controller\Controller.csproj", "{8AB9D2E4-6BD0-4B8D-894D-3DE5AF6E757F}"
EndProject
Project("{FAE04EC0-301F-11D3-BF4B-00C04F79EFBC}") = "ConsoleIO", "IO\ConsoleIO.csproj", "{FDCBB15C-3DD9-4EB0-BDF9-E06675880B34}"
EndProject
Global
	GlobalSection(SolutionConfigurationPlatforms) = preSolution
		Debug|Any CPU = Debug|Any CPU
		Release|Any CPU = Release|Any CPU
	EndGlobalSection
	GlobalSection(ProjectConfigurationPlatforms) = postSolution
		{14020F2C-993D-44F6-9F88-2A21EE3CCEFC}.Debug|Any CPU.ActiveCfg = Debug|Any CPU
		{14020F2C-993D-44F6-9F88-2A21EE3CCEFC}.Debug|Any CPU.Build.0 = Debug|Any CPU
		{14020F2C-993D-44F6-9F88-2A21EE3CCEFC}.Release|Any CPU.ActiveCfg = Release|Any CPU
		{14020F2C-993D-44F6-9F88-2A21EE3CCEFC}.Release|Any CPU.Build.0 = Release|Any CPU
		{22DBFF80-E650-4168-B9FB-76A392CD6E8F}.Debug|Any CPU.ActiveCfg = Debug|Any CPU
		{22DBFF80-E650-4168-B9FB-76A392CD6E8F}.Debug|Any CPU.Build.0 = Debug|Any CPU
		{22DBFF80-E650-4168-B9FB-76A392CD6E8F}.Release|Any CPU.ActiveCfg = Release|Any CPU
		{22DBFF80-E650-4168-B9FB-76A392CD6E8F}.Release|Any CPU.Build.0 = Release|Any CPU
		{8AB9D2E4-6BD0-4B8D-894D-3DE5AF6E757F}.Debug|Any CPU.ActiveCfg = Debug|Any CPU
		{8AB9D2E4-6BD0-4B8D-894D-3DE5AF6E757F}.Debug|Any CPU.Build.0 = Debug|Any CPU
		{8AB9D2E4-6BD0-4B8D-894D-3DE5AF6E757F}.Release|Any CPU.ActiveCfg = Release|Any CPU
		{8AB9D2E4-6BD0-4B8D-894D-3DE5AF6E757F}.Release|Any CPU.Build.0 = Release|Any CPU
		{FDCBB15C-3DD9-4EB0-BDF9-E06675880B34}.Debug|Any CPU.ActiveCfg = Debug|Any CPU
		{FDCBB15C-3DD9-4EB0-BDF9-E06675880B34}.Debug|Any CPU.Build.0 = Debug|Any CPU
		{FDCBB15C-3DD9-4EB0-BDF9-E06675880B34}.Release|Any CPU.ActiveCfg = Release|Any CPU
		{FDCBB15C-3DD9-4EB0-BDF9-E06675880B34}.Release|Any CPU.Build.0 = Release|Any CPU
	EndGlobalSection
	GlobalSection(SolutionProperties) = preSolution
		HideSolutionNode = FALSE
	EndGlobalSection
	GlobalSection(ExtensibilityGlobals) = postSolution
		SolutionGuid = {74A95825-EC91-400D-B643-B0C22C55C074}
	EndGlobalSection
EndGlobal
